// !$*UTF8*$!
{
	archiveVersion = 1;
	classes = {
	};
	objectVersion = 46;
	objects = {

/* Begin PBXBuildFile section */
		DB2A89531F7952B200A13B8B /* AppDelegate.swift in Sources */ = {isa = PBXBuildFile; fileRef = DB2A89521F7952B200A13B8B /* AppDelegate.swift */; };
		DB2A89551F7952B200A13B8B /* GameScene.sks in Resources */ = {isa = PBXBuildFile; fileRef = DB2A89541F7952B200A13B8B /* GameScene.sks */; };
		DB2A89571F7952B200A13B8B /* Actions.sks in Resources */ = {isa = PBXBuildFile; fileRef = DB2A89561F7952B200A13B8B /* Actions.sks */; };
		DB2A89591F7952B200A13B8B /* GameScene.swift in Sources */ = {isa = PBXBuildFile; fileRef = DB2A89581F7952B200A13B8B /* GameScene.swift */; };
		DB2A895B1F7952B200A13B8B /* GameViewController.swift in Sources */ = {isa = PBXBuildFile; fileRef = DB2A895A1F7952B200A13B8B /* GameViewController.swift */; };
		DB2A895E1F7952B200A13B8B /* Main.storyboard in Resources */ = {isa = PBXBuildFile; fileRef = DB2A895C1F7952B200A13B8B /* Main.storyboard */; };
		DB2A89601F7952B200A13B8B /* Assets.xcassets in Resources */ = {isa = PBXBuildFile; fileRef = DB2A895F1F7952B200A13B8B /* Assets.xcassets */; };
		DB2A89631F7952B200A13B8B /* LaunchScreen.storyboard in Resources */ = {isa = PBXBuildFile; fileRef = DB2A89611F7952B200A13B8B /* LaunchScreen.storyboard */; };
		DB2A899A1F79542D00A13B8B /* CGPoint+Extensions.swift in Sources */ = {isa = PBXBuildFile; fileRef = DB2A89981F79542D00A13B8B /* CGPoint+Extensions.swift */; };
		DB2A899B1F79542D00A13B8B /* CGFloat+Extensions.swift in Sources */ = {isa = PBXBuildFile; fileRef = DB2A89991F79542D00A13B8B /* CGFloat+Extensions.swift */; };
		DB2A899E1F79549000A13B8B /* GameOverScene.swift in Sources */ = {isa = PBXBuildFile; fileRef = DB2A899D1F79549000A13B8B /* GameOverScene.swift */; };
		DB2A89A01F7954C400A13B8B /* HomeScene.swift in Sources */ = {isa = PBXBuildFile; fileRef = DB2A899F1F7954C400A13B8B /* HomeScene.swift */; };
		DB2A89A21F7954E900A13B8B /* LevelFinishScene.swift in Sources */ = {isa = PBXBuildFile; fileRef = DB2A89A11F7954E900A13B8B /* LevelFinishScene.swift */; };
		DB2A89A91F79555100A13B8B /* LevelResults.swift in Sources */ = {isa = PBXBuildFile; fileRef = DB2A89A81F79555100A13B8B /* LevelResults.swift */; };
		DB2A89AC1F7955BB00A13B8B /* GameData.swift in Sources */ = {isa = PBXBuildFile; fileRef = DB2A89AB1F7955BB00A13B8B /* GameData.swift */; };
		DB2A89AE1F7955EF00A13B8B /* MyUtils.swift in Sources */ = {isa = PBXBuildFile; fileRef = DB2A89AD1F7955EF00A13B8B /* MyUtils.swift */; };
		DB2A89B01F79564200A13B8B /* DiamondSprite.swift in Sources */ = {isa = PBXBuildFile; fileRef = DB2A89AF1F79564200A13B8B /* DiamondSprite.swift */; };
/* End PBXBuildFile section */

/* Begin PBXFileReference section */
		DB2A894F1F7952B200A13B8B /* ColdWar.app */ = {isa = PBXFileReference; explicitFileType = wrapper.application; includeInIndex = 0; path = ColdWar.app; sourceTree = BUILT_PRODUCTS_DIR; };
		DB2A89521F7952B200A13B8B /* AppDelegate.swift */ = {isa = PBXFileReference; lastKnownFileType = sourcecode.swift; path = AppDelegate.swift; sourceTree = "<group>"; };
		DB2A89541F7952B200A13B8B /* GameScene.sks */ = {isa = PBXFileReference; lastKnownFileType = file.sks; name = GameScene.sks; path = ColdWar/GameScene.sks; sourceTree = "<group>"; };
		DB2A89561F7952B200A13B8B /* Actions.sks */ = {isa = PBXFileReference; lastKnownFileType = file.sks; name = Actions.sks; path = ColdWar/Actions.sks; sourceTree = "<group>"; };
		DB2A89581F7952B200A13B8B /* GameScene.swift */ = {isa = PBXFileReference; lastKnownFileType = sourcecode.swift; path = GameScene.swift; sourceTree = "<group>"; };
		DB2A895A1F7952B200A13B8B /* GameViewController.swift */ = {isa = PBXFileReference; lastKnownFileType = sourcecode.swift; path = GameViewController.swift; sourceTree = "<group>"; };
		DB2A895D1F7952B200A13B8B /* Base */ = {isa = PBXFileReference; lastKnownFileType = file.storyboard; name = Base; path = Base.lproj/Main.storyboard; sourceTree = "<group>"; };
		DB2A895F1F7952B200A13B8B /* Assets.xcassets */ = {isa = PBXFileReference; lastKnownFileType = folder.assetcatalog; name = Assets.xcassets; path = ColdWar/Assets.xcassets; sourceTree = "<group>"; };
		DB2A89621F7952B200A13B8B /* Base */ = {isa = PBXFileReference; lastKnownFileType = file.storyboard; name = Base; path = Base.lproj/LaunchScreen.storyboard; sourceTree = "<group>"; };
		DB2A89641F7952B200A13B8B /* Info.plist */ = {isa = PBXFileReference; lastKnownFileType = text.plist.xml; name = Info.plist; path = ColdWar/Info.plist; sourceTree = "<group>"; };
		DB2A89981F79542D00A13B8B /* CGPoint+Extensions.swift */ = {isa = PBXFileReference; fileEncoding = 4; lastKnownFileType = sourcecode.swift; path = "CGPoint+Extensions.swift"; sourceTree = "<group>"; };
		DB2A89991F79542D00A13B8B /* CGFloat+Extensions.swift */ = {isa = PBXFileReference; fileEncoding = 4; lastKnownFileType = sourcecode.swift; path = "CGFloat+Extensions.swift"; sourceTree = "<group>"; };
		DB2A899D1F79549000A13B8B /* GameOverScene.swift */ = {isa = PBXFileReference; fileEncoding = 4; lastKnownFileType = sourcecode.swift; path = GameOverScene.swift; sourceTree = "<group>"; };
		DB2A899F1F7954C400A13B8B /* HomeScene.swift */ = {isa = PBXFileReference; fileEncoding = 4; lastKnownFileType = sourcecode.swift; path = HomeScene.swift; sourceTree = "<group>"; };
		DB2A89A11F7954E900A13B8B /* LevelFinishScene.swift */ = {isa = PBXFileReference; fileEncoding = 4; lastKnownFileType = sourcecode.swift; path = LevelFinishScene.swift; sourceTree = "<group>"; };
		DB2A89A81F79555100A13B8B /* LevelResults.swift */ = {isa = PBXFileReference; fileEncoding = 4; lastKnownFileType = sourcecode.swift; path = LevelResults.swift; sourceTree = "<group>"; };
		DB2A89AB1F7955BB00A13B8B /* GameData.swift */ = {isa = PBXFileReference; fileEncoding = 4; lastKnownFileType = sourcecode.swift; path = GameData.swift; sourceTree = "<group>"; };
		DB2A89AD1F7955EF00A13B8B /* MyUtils.swift */ = {isa = PBXFileReference; fileEncoding = 4; lastKnownFileType = sourcecode.swift; path = MyUtils.swift; sourceTree = "<group>"; };
		DB2A89AF1F79564200A13B8B /* DiamondSprite.swift */ = {isa = PBXFileReference; fileEncoding = 4; lastKnownFileType = sourcecode.swift; path = DiamondSprite.swift; sourceTree = "<group>"; };
/* End PBXFileReference section */

/* Begin PBXFrameworksBuildPhase section */
		DB2A894C1F7952B200A13B8B /* Frameworks */ = {
			isa = PBXFrameworksBuildPhase;
			buildActionMask = 2147483647;
			files = (
			);
			runOnlyForDeploymentPostprocessing = 0;
		};
/* End PBXFrameworksBuildPhase section */

/* Begin PBXGroup section */
		DB2A89461F7952B100A13B8B = {
			isa = PBXGroup;
			children = (
				DB2A89541F7952B200A13B8B /* GameScene.sks */,
				DB2A89561F7952B200A13B8B /* Actions.sks */,
				DB2A895C1F7952B200A13B8B /* Main.storyboard */,
				DB2A895F1F7952B200A13B8B /* Assets.xcassets */,
				DB2A89611F7952B200A13B8B /* LaunchScreen.storyboard */,
				DB2A89641F7952B200A13B8B /* Info.plist */,
				DB2A89511F7952B200A13B8B /* ColdWar */,
				DB2A89971F79541400A13B8B /* Lib */,
				DB2A89A31F7954FA00A13B8B /* VC */,
				DB2A899C1F79543F00A13B8B /* Scene */,
				DB2A89A41F79551B00A13B8B /* Sprite */,
				DB2A89A71F79554100A13B8B /* Model */,
				DB2A89501F7952B200A13B8B /* Products */,
			);
			sourceTree = "<group>";
		};
		DB2A89501F7952B200A13B8B /* Products */ = {
			isa = PBXGroup;
			children = (
				DB2A894F1F7952B200A13B8B /* ColdWar.app */,
			);
			name = Products;
			sourceTree = "<group>";
		};
		DB2A89511F7952B200A13B8B /* ColdWar */ = {
			isa = PBXGroup;
			children = (
				DB2A89AB1F7955BB00A13B8B /* GameData.swift */,
				DB2A89521F7952B200A13B8B /* AppDelegate.swift */,
				DB2A89AD1F7955EF00A13B8B /* MyUtils.swift */,
			);
			path = ColdWar;
			sourceTree = "<group>";
		};
		DB2A89971F79541400A13B8B /* Lib */ = {
			isa = PBXGroup;
			children = (
				DB2A89981F79542D00A13B8B /* CGPoint+Extensions.swift */,
				DB2A89991F79542D00A13B8B /* CGFloat+Extensions.swift */,
			);
			name = Lib;
			path = ColdWar;
			sourceTree = "<group>";
		};
		DB2A899C1F79543F00A13B8B /* Scene */ = {
			isa = PBXGroup;
			children = (
				DB2A89581F7952B200A13B8B /* GameScene.swift */,
				DB2A899D1F79549000A13B8B /* GameOverScene.swift */,
				DB2A899F1F7954C400A13B8B /* HomeScene.swift */,
				DB2A89A11F7954E900A13B8B /* LevelFinishScene.swift */,
			);
			name = Scene;
			path = ColdWar;
			sourceTree = "<group>";
		};
		DB2A89A31F7954FA00A13B8B /* VC */ = {
			isa = PBXGroup;
			children = (
				DB2A895A1F7952B200A13B8B /* GameViewController.swift */,
			);
			name = VC;
			path = ColdWar;
			sourceTree = "<group>";
		};
		DB2A89A41F79551B00A13B8B /* Sprite */ = {
			isa = PBXGroup;
			children = (
				DB2A89AF1F79564200A13B8B /* DiamondSprite.swift */,
			);
			name = Sprite;
			path = ColdWar;
			sourceTree = "<group>";
		};
		DB2A89A71F79554100A13B8B /* Model */ = {
			isa = PBXGroup;
			children = (
				DB2A89A81F79555100A13B8B /* LevelResults.swift */,
			);
			name = Model;
			path = ColdWar;
			sourceTree = "<group>";
		};
/* End PBXGroup section */

/* Begin PBXNativeTarget section */
		DB2A894E1F7952B200A13B8B /* ColdWar */ = {
			isa = PBXNativeTarget;
			buildConfigurationList = DB2A89671F7952B200A13B8B /* Build configuration list for PBXNativeTarget "ColdWar" */;
			buildPhases = (
				DB2A894B1F7952B200A13B8B /* Sources */,
				DB2A894C1F7952B200A13B8B /* Frameworks */,
				DB2A894D1F7952B200A13B8B /* Resources */,
			);
			buildRules = (
			);
			dependencies = (
			);
			name = ColdWar;
			productName = ColdWar;
			productReference = DB2A894F1F7952B200A13B8B /* ColdWar.app */;
			productType = "com.apple.product-type.application";
		};
/* End PBXNativeTarget section */

/* Begin PBXProject section */
		DB2A89471F7952B100A13B8B /* Project object */ = {
			isa = PBXProject;
			attributes = {
				LastSwiftUpdateCheck = 0830;
				LastUpgradeCheck = 0830;
				ORGANIZATIONNAME = "Sneha Vaswani";
				TargetAttributes = {
					DB2A894E1F7952B200A13B8B = {
						CreatedOnToolsVersion = 8.3.1;
						DevelopmentTeam = 9KRWQ3BBM5;
						ProvisioningStyle = Automatic;
					};
				};
			};
			buildConfigurationList = DB2A894A1F7952B100A13B8B /* Build configuration list for PBXProject "ColdWar" */;
			compatibilityVersion = "Xcode 3.2";
			developmentRegion = English;
			hasScannedForEncodings = 0;
			knownRegions = (
				en,
				Base,
			);
			mainGroup = DB2A89461F7952B100A13B8B;
			productRefGroup = DB2A89501F7952B200A13B8B /* Products */;
			projectDirPath = "";
			projectRoot = "";
			targets = (
				DB2A894E1F7952B200A13B8B /* ColdWar */,
			);
		};
/* End PBXProject section */

/* Begin PBXResourcesBuildPhase section */
		DB2A894D1F7952B200A13B8B /* Resources */ = {
			isa = PBXResourcesBuildPhase;
			buildActionMask = 2147483647;
			files = (
				DB2A895E1F7952B200A13B8B /* Main.storyboard in Resources */,
				DB2A89551F7952B200A13B8B /* GameScene.sks in Resources */,
				DB2A89601F7952B200A13B8B /* Assets.xcassets in Resources */,
				DB2A89631F7952B200A13B8B /* LaunchScreen.storyboard in Resources */,
				DB2A89571F7952B200A13B8B /* Actions.sks in Resources */,
			);
			runOnlyForDeploymentPostprocessing = 0;
		};
/* End PBXResourcesBuildPhase section */

/* Begin PBXSourcesBuildPhase section */
		DB2A894B1F7952B200A13B8B /* Sources */ = {
			isa = PBXSourcesBuildPhase;
			buildActionMask = 2147483647;
			files = (
				DB2A89A21F7954E900A13B8B /* LevelFinishScene.swift in Sources */,
				DB2A89591F7952B200A13B8B /* GameScene.swift in Sources */,
				DB2A899B1F79542D00A13B8B /* CGFloat+Extensions.swift in Sources */,
				DB2A89A91F79555100A13B8B /* LevelResults.swift in Sources */,
				DB2A89AC1F7955BB00A13B8B /* GameData.swift in Sources */,
				DB2A895B1F7952B200A13B8B /* GameViewController.swift in Sources */,
				DB2A89AE1F7955EF00A13B8B /* MyUtils.swift in Sources */,
				DB2A89A01F7954C400A13B8B /* HomeScene.swift in Sources */,
				DB2A899A1F79542D00A13B8B /* CGPoint+Extensions.swift in Sources */,
				DB2A89B01F79564200A13B8B /* DiamondSprite.swift in Sources */,
				DB2A899E1F79549000A13B8B /* GameOverScene.swift in Sources */,
				DB2A89531F7952B200A13B8B /* AppDelegate.swift in Sources */,
			);
			runOnlyForDeploymentPostprocessing = 0;
		};
/* End PBXSourcesBuildPhase section */

/* Begin PBXVariantGroup section */
		DB2A895C1F7952B200A13B8B /* Main.storyboard */ = {
			isa = PBXVariantGroup;
			children = (
				DB2A895D1F7952B200A13B8B /* Base */,
			);
			name = Main.storyboard;
			path = ColdWar;
			sourceTree = "<group>";
		};
		DB2A89611F7952B200A13B8B /* LaunchScreen.storyboard */ = {
			isa = PBXVariantGroup;
			children = (
				DB2A89621F7952B200A13B8B /* Base */,
			);
			name = LaunchScreen.storyboard;
			path = ColdWar;
			sourceTree = "<group>";
		};
/* End PBXVariantGroup section */

/* Begin XCBuildConfiguration section */
		DB2A89651F7952B200A13B8B /* Debug */ = {
			isa = XCBuildConfiguration;
			buildSettings = {
				ALWAYS_SEARCH_USER_PATHS = NO;
				CLANG_ANALYZER_NONNULL = YES;
				CLANG_ANALYZER_NUMBER_OBJECT_CONVERSION = YES_AGGRESSIVE;
				CLANG_CXX_LANGUAGE_STANDARD = "gnu++0x";
				CLANG_CXX_LIBRARY = "libc++";
				CLANG_ENABLE_MODULES = YES;
				CLANG_ENABLE_OBJC_ARC = YES;
				CLANG_WARN_BOOL_CONVERSION = YES;
				CLANG_WARN_CONSTANT_CONVERSION = YES;
				CLANG_WARN_DIRECT_OBJC_ISA_USAGE = YES_ERROR;
				CLANG_WARN_DOCUMENTATION_COMMENTS = YES;
				CLANG_WARN_EMPTY_BODY = YES;
				CLANG_WARN_ENUM_CONVERSION = YES;
				CLANG_WARN_INFINITE_RECURSION = YES;
				CLANG_WARN_INT_CONVERSION = YES;
				CLANG_WARN_OBJC_ROOT_CLASS = YES_ERROR;
				CLANG_WARN_SUSPICIOUS_MOVE = YES;
				CLANG_WARN_UNREACHABLE_CODE = YES;
				CLANG_WARN__DUPLICATE_METHOD_MATCH = YES;
				"CODE_SIGN_IDENTITY[sdk=iphoneos*]" = "iPhone Developer";
				COPY_PHASE_STRIP = NO;
				DEBUG_INFORMATION_FORMAT = dwarf;
				ENABLE_STRICT_OBJC_MSGSEND = YES;
				ENABLE_TESTABILITY = YES;
				GCC_C_LANGUAGE_STANDARD = gnu99;
				GCC_DYNAMIC_NO_PIC = NO;
				GCC_NO_COMMON_BLOCKS = YES;
				GCC_OPTIMIZATION_LEVEL = 0;
				GCC_PREPROCESSOR_DEFINITIONS = (
					"DEBUG=1",
					"$(inherited)",
				);
				GCC_WARN_64_TO_32_BIT_CONVERSION = YES;
				GCC_WARN_ABOUT_RETURN_TYPE = YES_ERROR;
				GCC_WARN_UNDECLARED_SELECTOR = YES;
				GCC_WARN_UNINITIALIZED_AUTOS = YES_AGGRESSIVE;
				GCC_WARN_UNUSED_FUNCTION = YES;
				GCC_WARN_UNUSED_VARIABLE = YES;
				IPHONEOS_DEPLOYMENT_TARGET = 10.3;
				MTL_ENABLE_DEBUG_INFO = YES;
				ONLY_ACTIVE_ARCH = YES;
				SDKROOT = iphoneos;
				SWIFT_ACTIVE_COMPILATION_CONDITIONS = DEBUG;
				SWIFT_OPTIMIZATION_LEVEL = "-Onone";
			};
			name = Debug;
		};
		DB2A89661F7952B200A13B8B /* Release */ = {
			isa = XCBuildConfiguration;
			buildSettings = {
				ALWAYS_SEARCH_USER_PATHS = NO;
				CLANG_ANALYZER_NONNULL = YES;
				CLANG_ANALYZER_NUMBER_OBJECT_CONVERSION = YES_AGGRESSIVE;
				CLANG_CXX_LANGUAGE_STANDARD = "gnu++0x";
				CLANG_CXX_LIBRARY = "libc++";
				CLANG_ENABLE_MODULES = YES;
				CLANG_ENABLE_OBJC_ARC = YES;
				CLANG_WARN_BOOL_CONVERSION = YES;
				CLANG_WARN_CONSTANT_CONVERSION = YES;
				CLANG_WARN_DIRECT_OBJC_ISA_USAGE = YES_ERROR;
				CLANG_WARN_DOCUMENTATION_COMMENTS = YES;
				CLANG_WARN_EMPTY_BODY = YES;
				CLANG_WARN_ENUM_CONVERSION = YES;
				CLANG_WARN_INFINITE_RECURSION = YES;
				CLANG_WARN_INT_CONVERSION = YES;
				CLANG_WARN_OBJC_ROOT_CLASS = YES_ERROR;
				CLANG_WARN_SUSPICIOUS_MOVE = YES;
				CLANG_WARN_UNREACHABLE_CODE = YES;
				CLANG_WARN__DUPLICATE_METHOD_MATCH = YES;
				"CODE_SIGN_IDENTITY[sdk=iphoneos*]" = "iPhone Developer";
				COPY_PHASE_STRIP = NO;
				DEBUG_INFORMATION_FORMAT = "dwarf-with-dsym";
				ENABLE_NS_ASSERTIONS = NO;
				ENABLE_STRICT_OBJC_MSGSEND = YES;
				GCC_C_LANGUAGE_STANDARD = gnu99;
				GCC_NO_COMMON_BLOCKS = YES;
				GCC_WARN_64_TO_32_BIT_CONVERSION = YES;
				GCC_WARN_ABOUT_RETURN_TYPE = YES_ERROR;
				GCC_WARN_UNDECLARED_SELECTOR = YES;
				GCC_WARN_UNINITIALIZED_AUTOS = YES_AGGRESSIVE;
				GCC_WARN_UNUSED_FUNCTION = YES;
				GCC_WARN_UNUSED_VARIABLE = YES;
				IPHONEOS_DEPLOYMENT_TARGET = 10.3;
				MTL_ENABLE_DEBUG_INFO = NO;
				SDKROOT = iphoneos;
				SWIFT_OPTIMIZATION_LEVEL = "-Owholemodule";
				VALIDATE_PRODUCT = YES;
			};
			name = Release;
		};
		DB2A89681F7952B200A13B8B /* Debug */ = {
			isa = XCBuildConfiguration;
			buildSettings = {
				ASSETCATALOG_COMPILER_APPICON_NAME = AppIcon;
				DEVELOPMENT_TEAM = 9KRWQ3BBM5;
				INFOPLIST_FILE = ColdWar/Info.plist;
				LD_RUNPATH_SEARCH_PATHS = "$(inherited) @executable_path/Frameworks";
				PRODUCT_BUNDLE_IDENTIFIER = com.tanatb.ColdWar;
				PRODUCT_NAME = "$(TARGET_NAME)";
				SWIFT_VERSION = 3.0;
				TARGETED_DEVICE_FAMILY = 2;
			};
			name = Debug;
		};
		DB2A89691F7952B200A13B8B /* Release */ = {
			isa = XCBuildConfiguration;
			buildSettings = {
				ASSETCATALOG_COMPILER_APPICON_NAME = AppIcon;
				DEVELOPMENT_TEAM = 9KRWQ3BBM5;
				INFOPLIST_FILE = ColdWar/Info.plist;
				LD_RUNPATH_SEARCH_PATHS = "$(inherited) @executable_path/Frameworks";
				PRODUCT_BUNDLE_IDENTIFIER = com.tanatb.ColdWar;
				PRODUCT_NAME = "$(TARGET_NAME)";
				SWIFT_VERSION = 3.0;
				TARGETED_DEVICE_FAMILY = 2;
			};
			name = Release;
		};
/* End XCBuildConfiguration section */

/* Begin XCConfigurationList section */
		DB2A894A1F7952B100A13B8B /* Build configuration list for PBXProject "ColdWar" */ = {
			isa = XCConfigurationList;
			buildConfigurations = (
				DB2A89651F7952B200A13B8B /* Debug */,
				DB2A89661F7952B200A13B8B /* Release */,
			);
			defaultConfigurationIsVisible = 0;
			defaultConfigurationName = Release;
		};
		DB2A89671F7952B200A13B8B /* Build configuration list for PBXNativeTarget "ColdWar" */ = {
			isa = XCConfigurationList;
			buildConfigurations = (
				DB2A89681F7952B200A13B8B /* Debug */,
				DB2A89691F7952B200A13B8B /* Release */,
			);
			defaultConfigurationIsVisible = 0;
			defaultConfigurationName = Release;
		};
/* End XCConfigurationList section */
	};
	rootObject = DB2A89471F7952B100A13B8B /* Project object */;
}
