// !$*UTF8*$!
{
	archiveVersion = 1;
	classes = {
	};
	objectVersion = 46;
	objects = {

/* Begin PBXBuildFile section */
		3F63C3D11FE201E600A5CDA6 /* SnowtopCaps.otf in Resources */ = {isa = PBXBuildFile; fileRef = 3F63C3D01FE201E600A5CDA6 /* SnowtopCaps.otf */; };
		3F63C3D51FE2024500A5CDA6 /* CGFloat+Extensions.swift in Sources */ = {isa = PBXBuildFile; fileRef = 3F63C3D21FE2024500A5CDA6 /* CGFloat+Extensions.swift */; };
		3F63C3D61FE2024500A5CDA6 /* CGPoint+Extensions.swift in Sources */ = {isa = PBXBuildFile; fileRef = 3F63C3D31FE2024500A5CDA6 /* CGPoint+Extensions.swift */; };
		3F63C3D71FE2024500A5CDA6 /* CGVector+Extensions.swift in Sources */ = {isa = PBXBuildFile; fileRef = 3F63C3D41FE2024500A5CDA6 /* CGVector+Extensions.swift */; };
		3F63C3DD1FE2028000A5CDA6 /* HomeScene.swift in Sources */ = {isa = PBXBuildFile; fileRef = 3F63C3D81FE2028000A5CDA6 /* HomeScene.swift */; };
		3F63C3DE1FE2028000A5CDA6 /* GameScene.swift in Sources */ = {isa = PBXBuildFile; fileRef = 3F63C3D91FE2028000A5CDA6 /* GameScene.swift */; };
		3F63C3DF1FE2028000A5CDA6 /* LevelFinishScene.swift in Sources */ = {isa = PBXBuildFile; fileRef = 3F63C3DA1FE2028000A5CDA6 /* LevelFinishScene.swift */; };
		3F63C3E01FE2028000A5CDA6 /* InstructionsScene.swift in Sources */ = {isa = PBXBuildFile; fileRef = 3F63C3DB1FE2028000A5CDA6 /* InstructionsScene.swift */; };
		3F63C3E11FE2028000A5CDA6 /* GameOverScene.swift in Sources */ = {isa = PBXBuildFile; fileRef = 3F63C3DC1FE2028000A5CDA6 /* GameOverScene.swift */; };
		3F63C3E91FE202B800A5CDA6 /* Hurt.sks in Resources */ = {isa = PBXBuildFile; fileRef = 3F63C3E31FE202B800A5CDA6 /* Hurt.sks */; };
		3F63C3EA1FE202B800A5CDA6 /* PenguinDeath.sks in Resources */ = {isa = PBXBuildFile; fileRef = 3F63C3E41FE202B800A5CDA6 /* PenguinDeath.sks */; };
		3F63C3EB1FE202B800A5CDA6 /* PowerUp.sks in Resources */ = {isa = PBXBuildFile; fileRef = 3F63C3E51FE202B800A5CDA6 /* PowerUp.sks */; };
		3F63C3EC1FE202B800A5CDA6 /* PowerUpEffect.sks in Resources */ = {isa = PBXBuildFile; fileRef = 3F63C3E61FE202B800A5CDA6 /* PowerUpEffect.sks */; };
		3F63C3ED1FE202B800A5CDA6 /* ProjectileDeath.sks in Resources */ = {isa = PBXBuildFile; fileRef = 3F63C3E71FE202B800A5CDA6 /* ProjectileDeath.sks */; };
		3F63C3EE1FE202B800A5CDA6 /* Landing.sks in Resources */ = {isa = PBXBuildFile; fileRef = 3F63C3E81FE202B800A5CDA6 /* Landing.sks */; };
		3F63C3F21FE202E600A5CDA6 /* Shadow.swift in Sources */ = {isa = PBXBuildFile; fileRef = 3F63C3EF1FE202E600A5CDA6 /* Shadow.swift */; };
		3F63C3F31FE202E600A5CDA6 /* AmmoBar.swift in Sources */ = {isa = PBXBuildFile; fileRef = 3F63C3F01FE202E600A5CDA6 /* AmmoBar.swift */; };
		3F63C3F41FE202E600A5CDA6 /* Line.swift in Sources */ = {isa = PBXBuildFile; fileRef = 3F63C3F11FE202E600A5CDA6 /* Line.swift */; };
		3F63C3FC1FE2032200A5CDA6 /* FishProjectile.swift in Sources */ = {isa = PBXBuildFile; fileRef = 3F63C3F71FE2032200A5CDA6 /* FishProjectile.swift */; };
		3F63C3FD1FE2032200A5CDA6 /* IceProjectile.swift in Sources */ = {isa = PBXBuildFile; fileRef = 3F63C3F81FE2032200A5CDA6 /* IceProjectile.swift */; };
		3F63C3FE1FE2032200A5CDA6 /* Player.swift in Sources */ = {isa = PBXBuildFile; fileRef = 3F63C3F91FE2032200A5CDA6 /* Player.swift */; };
		3F63C3FF1FE2032200A5CDA6 /* PowerUp.swift in Sources */ = {isa = PBXBuildFile; fileRef = 3F63C3FA1FE2032200A5CDA6 /* PowerUp.swift */; };
		3F63C4001FE2032200A5CDA6 /* Projectile.swift in Sources */ = {isa = PBXBuildFile; fileRef = 3F63C3FB1FE2032200A5CDA6 /* Projectile.swift */; };
		3F63C4041FE2041800A5CDA6 /* MyUtils.swift in Sources */ = {isa = PBXBuildFile; fileRef = 3F63C4011FE2041800A5CDA6 /* MyUtils.swift */; };
		3F63C4051FE2041800A5CDA6 /* GameData.swift in Sources */ = {isa = PBXBuildFile; fileRef = 3F63C4021FE2041800A5CDA6 /* GameData.swift */; };
		3F63C4061FE2041800A5CDA6 /* LevelResults.swift in Sources */ = {isa = PBXBuildFile; fileRef = 3F63C4031FE2041800A5CDA6 /* LevelResults.swift */; };
		DB2A89531F7952B200A13B8B /* AppDelegate.swift in Sources */ = {isa = PBXBuildFile; fileRef = DB2A89521F7952B200A13B8B /* AppDelegate.swift */; };
		DB2A895B1F7952B200A13B8B /* GameViewController.swift in Sources */ = {isa = PBXBuildFile; fileRef = DB2A895A1F7952B200A13B8B /* GameViewController.swift */; };
		DB2A895E1F7952B200A13B8B /* Main.storyboard in Resources */ = {isa = PBXBuildFile; fileRef = DB2A895C1F7952B200A13B8B /* Main.storyboard */; };
		DB2A89601F7952B200A13B8B /* Assets.xcassets in Resources */ = {isa = PBXBuildFile; fileRef = DB2A895F1F7952B200A13B8B /* Assets.xcassets */; };
		DB2A89631F7952B200A13B8B /* LaunchScreen.storyboard in Resources */ = {isa = PBXBuildFile; fileRef = DB2A89611F7952B200A13B8B /* LaunchScreen.storyboard */; };
		DB2B3CBF1F91686B003D0BDC /* pew.wav in Resources */ = {isa = PBXBuildFile; fileRef = DB2B3CBE1F91686B003D0BDC /* pew.wav */; };
		DB2B3CC11F916876003D0BDC /* coldwarBackground.mp3 in Resources */ = {isa = PBXBuildFile; fileRef = DB2B3CC01F916876003D0BDC /* coldwarBackground.mp3 */; };
/* End PBXBuildFile section */

/* Begin PBXFileReference section */
		3F63C3D01FE201E600A5CDA6 /* SnowtopCaps.otf */ = {isa = PBXFileReference; lastKnownFileType = file; name = SnowtopCaps.otf; path = ColdWar/Fonts/SnowtopCaps.otf; sourceTree = "<group>"; };
		3F63C3D21FE2024500A5CDA6 /* CGFloat+Extensions.swift */ = {isa = PBXFileReference; fileEncoding = 4; lastKnownFileType = sourcecode.swift; name = "CGFloat+Extensions.swift"; path = "Lib/CGFloat+Extensions.swift"; sourceTree = "<group>"; };
		3F63C3D31FE2024500A5CDA6 /* CGPoint+Extensions.swift */ = {isa = PBXFileReference; fileEncoding = 4; lastKnownFileType = sourcecode.swift; name = "CGPoint+Extensions.swift"; path = "Lib/CGPoint+Extensions.swift"; sourceTree = "<group>"; };
		3F63C3D41FE2024500A5CDA6 /* CGVector+Extensions.swift */ = {isa = PBXFileReference; fileEncoding = 4; lastKnownFileType = sourcecode.swift; name = "CGVector+Extensions.swift"; path = "Lib/CGVector+Extensions.swift"; sourceTree = "<group>"; };
		3F63C3D81FE2028000A5CDA6 /* HomeScene.swift */ = {isa = PBXFileReference; fileEncoding = 4; lastKnownFileType = sourcecode.swift; name = HomeScene.swift; path = Scenes/HomeScene.swift; sourceTree = "<group>"; };
		3F63C3D91FE2028000A5CDA6 /* GameScene.swift */ = {isa = PBXFileReference; fileEncoding = 4; lastKnownFileType = sourcecode.swift; name = GameScene.swift; path = Scenes/GameScene.swift; sourceTree = "<group>"; };
		3F63C3DA1FE2028000A5CDA6 /* LevelFinishScene.swift */ = {isa = PBXFileReference; fileEncoding = 4; lastKnownFileType = sourcecode.swift; name = LevelFinishScene.swift; path = Scenes/LevelFinishScene.swift; sourceTree = "<group>"; };
		3F63C3DB1FE2028000A5CDA6 /* InstructionsScene.swift */ = {isa = PBXFileReference; fileEncoding = 4; lastKnownFileType = sourcecode.swift; name = InstructionsScene.swift; path = Scenes/InstructionsScene.swift; sourceTree = "<group>"; };
		3F63C3DC1FE2028000A5CDA6 /* GameOverScene.swift */ = {isa = PBXFileReference; fileEncoding = 4; lastKnownFileType = sourcecode.swift; name = GameOverScene.swift; path = Scenes/GameOverScene.swift; sourceTree = "<group>"; };
		3F63C3E31FE202B800A5CDA6 /* Hurt.sks */ = {isa = PBXFileReference; lastKnownFileType = file.sks; name = Hurt.sks; path = ColdWar/Emitters/Hurt.sks; sourceTree = "<group>"; };
		3F63C3E41FE202B800A5CDA6 /* PenguinDeath.sks */ = {isa = PBXFileReference; lastKnownFileType = file.sks; name = PenguinDeath.sks; path = ColdWar/Emitters/PenguinDeath.sks; sourceTree = "<group>"; };
		3F63C3E51FE202B800A5CDA6 /* PowerUp.sks */ = {isa = PBXFileReference; lastKnownFileType = file.sks; name = PowerUp.sks; path = ColdWar/Emitters/PowerUp.sks; sourceTree = "<group>"; };
		3F63C3E61FE202B800A5CDA6 /* PowerUpEffect.sks */ = {isa = PBXFileReference; lastKnownFileType = file.sks; name = PowerUpEffect.sks; path = ColdWar/Emitters/PowerUpEffect.sks; sourceTree = "<group>"; };
		3F63C3E71FE202B800A5CDA6 /* ProjectileDeath.sks */ = {isa = PBXFileReference; lastKnownFileType = file.sks; name = ProjectileDeath.sks; path = ColdWar/Emitters/ProjectileDeath.sks; sourceTree = "<group>"; };
		3F63C3E81FE202B800A5CDA6 /* Landing.sks */ = {isa = PBXFileReference; lastKnownFileType = file.sks; name = Landing.sks; path = ColdWar/Emitters/Landing.sks; sourceTree = "<group>"; };
		3F63C3EF1FE202E600A5CDA6 /* Shadow.swift */ = {isa = PBXFileReference; fileEncoding = 4; lastKnownFileType = sourcecode.swift; name = Shadow.swift; path = Sprites/Shadow.swift; sourceTree = "<group>"; };
		3F63C3F01FE202E600A5CDA6 /* AmmoBar.swift */ = {isa = PBXFileReference; fileEncoding = 4; lastKnownFileType = sourcecode.swift; name = AmmoBar.swift; path = Sprites/AmmoBar.swift; sourceTree = "<group>"; };
		3F63C3F11FE202E600A5CDA6 /* Line.swift */ = {isa = PBXFileReference; fileEncoding = 4; lastKnownFileType = sourcecode.swift; name = Line.swift; path = Sprites/Line.swift; sourceTree = "<group>"; };
		3F63C3F71FE2032200A5CDA6 /* FishProjectile.swift */ = {isa = PBXFileReference; fileEncoding = 4; lastKnownFileType = sourcecode.swift; name = FishProjectile.swift; path = Nodes/FishProjectile.swift; sourceTree = "<group>"; };
		3F63C3F81FE2032200A5CDA6 /* IceProjectile.swift */ = {isa = PBXFileReference; fileEncoding = 4; lastKnownFileType = sourcecode.swift; name = IceProjectile.swift; path = Nodes/IceProjectile.swift; sourceTree = "<group>"; };
		3F63C3F91FE2032200A5CDA6 /* Player.swift */ = {isa = PBXFileReference; fileEncoding = 4; lastKnownFileType = sourcecode.swift; name = Player.swift; path = Nodes/Player.swift; sourceTree = "<group>"; };
		3F63C3FA1FE2032200A5CDA6 /* PowerUp.swift */ = {isa = PBXFileReference; fileEncoding = 4; lastKnownFileType = sourcecode.swift; name = PowerUp.swift; path = Nodes/PowerUp.swift; sourceTree = "<group>"; };
		3F63C3FB1FE2032200A5CDA6 /* Projectile.swift */ = {isa = PBXFileReference; fileEncoding = 4; lastKnownFileType = sourcecode.swift; name = Projectile.swift; path = Nodes/Projectile.swift; sourceTree = "<group>"; };
		3F63C4011FE2041800A5CDA6 /* MyUtils.swift */ = {isa = PBXFileReference; fileEncoding = 4; lastKnownFileType = sourcecode.swift; name = MyUtils.swift; path = Misc/MyUtils.swift; sourceTree = "<group>"; };
		3F63C4021FE2041800A5CDA6 /* GameData.swift */ = {isa = PBXFileReference; fileEncoding = 4; lastKnownFileType = sourcecode.swift; name = GameData.swift; path = Misc/GameData.swift; sourceTree = "<group>"; };
		3F63C4031FE2041800A5CDA6 /* LevelResults.swift */ = {isa = PBXFileReference; fileEncoding = 4; lastKnownFileType = sourcecode.swift; name = LevelResults.swift; path = Misc/LevelResults.swift; sourceTree = "<group>"; };
		DB2A894F1F7952B200A13B8B /* ColdWar.app */ = {isa = PBXFileReference; explicitFileType = wrapper.application; includeInIndex = 0; path = ColdWar.app; sourceTree = BUILT_PRODUCTS_DIR; };
		DB2A89521F7952B200A13B8B /* AppDelegate.swift */ = {isa = PBXFileReference; lastKnownFileType = sourcecode.swift; path = AppDelegate.swift; sourceTree = "<group>"; };
		DB2A895A1F7952B200A13B8B /* GameViewController.swift */ = {isa = PBXFileReference; lastKnownFileType = sourcecode.swift; path = GameViewController.swift; sourceTree = "<group>"; };
		DB2A895D1F7952B200A13B8B /* Base */ = {isa = PBXFileReference; lastKnownFileType = file.storyboard; name = Base; path = Base.lproj/Main.storyboard; sourceTree = "<group>"; };
		DB2A895F1F7952B200A13B8B /* Assets.xcassets */ = {isa = PBXFileReference; lastKnownFileType = folder.assetcatalog; name = Assets.xcassets; path = ColdWar/Assets.xcassets; sourceTree = "<group>"; };
		DB2A89621F7952B200A13B8B /* Base */ = {isa = PBXFileReference; lastKnownFileType = file.storyboard; name = Base; path = Base.lproj/LaunchScreen.storyboard; sourceTree = "<group>"; };
		DB2A89641F7952B200A13B8B /* Info.plist */ = {isa = PBXFileReference; lastKnownFileType = text.plist.xml; name = Info.plist; path = ColdWar/Info.plist; sourceTree = "<group>"; };
		DB2B3CBE1F91686B003D0BDC /* pew.wav */ = {isa = PBXFileReference; lastKnownFileType = audio.wav; name = pew.wav; path = ColdWar/Sounds/pew.wav; sourceTree = SOURCE_ROOT; };
		DB2B3CC01F916876003D0BDC /* coldwarBackground.mp3 */ = {isa = PBXFileReference; lastKnownFileType = audio.mp3; name = coldwarBackground.mp3; path = ColdWar/Sounds/coldwarBackground.mp3; sourceTree = "<group>"; };
/* End PBXFileReference section */

/* Begin PBXFrameworksBuildPhase section */
		DB2A894C1F7952B200A13B8B /* Frameworks */ = {
			isa = PBXFrameworksBuildPhase;
			buildActionMask = 2147483647;
			files = (
			);
			runOnlyForDeploymentPostprocessing = 0;
		};
/* End PBXFrameworksBuildPhase section */

/* Begin PBXGroup section */
		3F63C3E21FE202A300A5CDA6 /* Emitters */ = {
			isa = PBXGroup;
			children = (
				3F63C3E31FE202B800A5CDA6 /* Hurt.sks */,
				3F63C3E81FE202B800A5CDA6 /* Landing.sks */,
				3F63C3E41FE202B800A5CDA6 /* PenguinDeath.sks */,
				3F63C3E51FE202B800A5CDA6 /* PowerUp.sks */,
				3F63C3E61FE202B800A5CDA6 /* PowerUpEffect.sks */,
				3F63C3E71FE202B800A5CDA6 /* ProjectileDeath.sks */,
			);
			name = Emitters;
			sourceTree = "<group>";
		};
		DB2A89461F7952B100A13B8B = {
			isa = PBXGroup;
			children = (
				3F63C3E21FE202A300A5CDA6 /* Emitters */,
				DB2B3CBD1F91685B003D0BDC /* Sounds */,
				DBD428B01F916119007E9A0B /* Fonts */,
				DB2A895C1F7952B200A13B8B /* Main.storyboard */,
				DB2A895F1F7952B200A13B8B /* Assets.xcassets */,
				DB2A89611F7952B200A13B8B /* LaunchScreen.storyboard */,
				DB2A89641F7952B200A13B8B /* Info.plist */,
				DB2A89511F7952B200A13B8B /* ColdWar */,
				DB2A89971F79541400A13B8B /* Lib */,
				DB2A89A31F7954FA00A13B8B /* VC */,
				DB2A899C1F79543F00A13B8B /* Scene */,
				DB2A89A41F79551B00A13B8B /* Sprites */,
				DB2A89A71F79554100A13B8B /* Nodes */,
				DB2A89501F7952B200A13B8B /* Products */,
			);
			sourceTree = "<group>";
		};
		DB2A89501F7952B200A13B8B /* Products */ = {
			isa = PBXGroup;
			children = (
				DB2A894F1F7952B200A13B8B /* ColdWar.app */,
			);
			name = Products;
			sourceTree = "<group>";
		};
		DB2A89511F7952B200A13B8B /* ColdWar */ = {
			isa = PBXGroup;
			children = (
				3F63C4021FE2041800A5CDA6 /* GameData.swift */,
				3F63C4031FE2041800A5CDA6 /* LevelResults.swift */,
				3F63C4011FE2041800A5CDA6 /* MyUtils.swift */,
				DB2A89521F7952B200A13B8B /* AppDelegate.swift */,
			);
			path = ColdWar;
			sourceTree = "<group>";
		};
		DB2A89971F79541400A13B8B /* Lib */ = {
			isa = PBXGroup;
			children = (
				3F63C3D21FE2024500A5CDA6 /* CGFloat+Extensions.swift */,
				3F63C3D31FE2024500A5CDA6 /* CGPoint+Extensions.swift */,
				3F63C3D41FE2024500A5CDA6 /* CGVector+Extensions.swift */,
			);
			name = Lib;
			path = ColdWar;
			sourceTree = "<group>";
		};
		DB2A899C1F79543F00A13B8B /* Scene */ = {
			isa = PBXGroup;
			children = (
				3F63C3DC1FE2028000A5CDA6 /* GameOverScene.swift */,
				3F63C3D91FE2028000A5CDA6 /* GameScene.swift */,
				3F63C3D81FE2028000A5CDA6 /* HomeScene.swift */,
				3F63C3DB1FE2028000A5CDA6 /* InstructionsScene.swift */,
				3F63C3DA1FE2028000A5CDA6 /* LevelFinishScene.swift */,
			);
			name = Scene;
			path = ColdWar;
			sourceTree = "<group>";
		};
		DB2A89A31F7954FA00A13B8B /* VC */ = {
			isa = PBXGroup;
			children = (
				DB2A895A1F7952B200A13B8B /* GameViewController.swift */,
			);
			name = VC;
			path = ColdWar;
			sourceTree = "<group>";
		};
		DB2A89A41F79551B00A13B8B /* Sprites */ = {
			isa = PBXGroup;
			children = (
				3F63C3F01FE202E600A5CDA6 /* AmmoBar.swift */,
				3F63C3F11FE202E600A5CDA6 /* Line.swift */,
				3F63C3EF1FE202E600A5CDA6 /* Shadow.swift */,
			);
			name = Sprites;
			path = ColdWar;
			sourceTree = "<group>";
		};
		DB2A89A71F79554100A13B8B /* Nodes */ = {
			isa = PBXGroup;
			children = (
				3F63C3F71FE2032200A5CDA6 /* FishProjectile.swift */,
				3F63C3F81FE2032200A5CDA6 /* IceProjectile.swift */,
				3F63C3F91FE2032200A5CDA6 /* Player.swift */,
				3F63C3FA1FE2032200A5CDA6 /* PowerUp.swift */,
				3F63C3FB1FE2032200A5CDA6 /* Projectile.swift */,
			);
			name = Nodes;
			path = ColdWar;
			sourceTree = "<group>";
		};
		DB2B3CBD1F91685B003D0BDC /* Sounds */ = {
			isa = PBXGroup;
			children = (
				DB2B3CC01F916876003D0BDC /* coldwarBackground.mp3 */,
				DB2B3CBE1F91686B003D0BDC /* pew.wav */,
			);
			name = Sounds;
			sourceTree = "<group>";
		};
		DBD428B01F916119007E9A0B /* Fonts */ = {
			isa = PBXGroup;
			children = (
				3F63C3D01FE201E600A5CDA6 /* SnowtopCaps.otf */,
			);
			name = Fonts;
			sourceTree = "<group>";
		};
/* End PBXGroup section */

/* Begin PBXNativeTarget section */
		DB2A894E1F7952B200A13B8B /* ColdWar */ = {
			isa = PBXNativeTarget;
			buildConfigurationList = DB2A89671F7952B200A13B8B /* Build configuration list for PBXNativeTarget "ColdWar" */;
			buildPhases = (
				DB2A894B1F7952B200A13B8B /* Sources */,
				DB2A894C1F7952B200A13B8B /* Frameworks */,
				DB2A894D1F7952B200A13B8B /* Resources */,
			);
			buildRules = (
			);
			dependencies = (
			);
			name = ColdWar;
			productName = ColdWar;
			productReference = DB2A894F1F7952B200A13B8B /* ColdWar.app */;
			productType = "com.apple.product-type.application";
		};
/* End PBXNativeTarget section */

/* Begin PBXProject section */
		DB2A89471F7952B100A13B8B /* Project object */ = {
			isa = PBXProject;
			attributes = {
				LastSwiftUpdateCheck = 0830;
				LastUpgradeCheck = 0830;
				ORGANIZATIONNAME = "Sneha Vaswani";
				TargetAttributes = {
					DB2A894E1F7952B200A13B8B = {
						CreatedOnToolsVersion = 8.3.1;
						DevelopmentTeam = 9KRWQ3BBM5;
						ProvisioningStyle = Automatic;
					};
				};
			};
			buildConfigurationList = DB2A894A1F7952B100A13B8B /* Build configuration list for PBXProject "ColdWar" */;
			compatibilityVersion = "Xcode 3.2";
			developmentRegion = English;
			hasScannedForEncodings = 0;
			knownRegions = (
				en,
				Base,
			);
			mainGroup = DB2A89461F7952B100A13B8B;
			productRefGroup = DB2A89501F7952B200A13B8B /* Products */;
			projectDirPath = "";
			projectRoot = "";
			targets = (
				DB2A894E1F7952B200A13B8B /* ColdWar */,
			);
		};
/* End PBXProject section */

/* Begin PBXResourcesBuildPhase section */
		DB2A894D1F7952B200A13B8B /* Resources */ = {
			isa = PBXResourcesBuildPhase;
			buildActionMask = 2147483647;
			files = (
				3F63C3ED1FE202B800A5CDA6 /* ProjectileDeath.sks in Resources */,
				DB2B3CBF1F91686B003D0BDC /* pew.wav in Resources */,
				DB2A895E1F7952B200A13B8B /* Main.storyboard in Resources */,
				3F63C3E91FE202B800A5CDA6 /* Hurt.sks in Resources */,
				3F63C3D11FE201E600A5CDA6 /* SnowtopCaps.otf in Resources */,
				3F63C3EE1FE202B800A5CDA6 /* Landing.sks in Resources */,
				DB2A89601F7952B200A13B8B /* Assets.xcassets in Resources */,
				DB2A89631F7952B200A13B8B /* LaunchScreen.storyboard in Resources */,
				3F63C3EA1FE202B800A5CDA6 /* PenguinDeath.sks in Resources */,
				3F63C3EC1FE202B800A5CDA6 /* PowerUpEffect.sks in Resources */,
				DB2B3CC11F916876003D0BDC /* coldwarBackground.mp3 in Resources */,
				3F63C3EB1FE202B800A5CDA6 /* PowerUp.sks in Resources */,
			);
			runOnlyForDeploymentPostprocessing = 0;
		};
/* End PBXResourcesBuildPhase section */

/* Begin PBXSourcesBuildPhase section */
		DB2A894B1F7952B200A13B8B /* Sources */ = {
			isa = PBXSourcesBuildPhase;
			buildActionMask = 2147483647;
			files = (
				3F63C3FD1FE2032200A5CDA6 /* IceProjectile.swift in Sources */,
				3F63C4041FE2041800A5CDA6 /* MyUtils.swift in Sources */,
				3F63C3DF1FE2028000A5CDA6 /* LevelFinishScene.swift in Sources */,
				3F63C4051FE2041800A5CDA6 /* GameData.swift in Sources */,
				3F63C3D71FE2024500A5CDA6 /* CGVector+Extensions.swift in Sources */,
				3F63C3FE1FE2032200A5CDA6 /* Player.swift in Sources */,
				3F63C4061FE2041800A5CDA6 /* LevelResults.swift in Sources */,
				3F63C3FC1FE2032200A5CDA6 /* FishProjectile.swift in Sources */,
				3F63C3FF1FE2032200A5CDA6 /* PowerUp.swift in Sources */,
				3F63C3F31FE202E600A5CDA6 /* AmmoBar.swift in Sources */,
				3F63C3E11FE2028000A5CDA6 /* GameOverScene.swift in Sources */,
				3F63C3F21FE202E600A5CDA6 /* Shadow.swift in Sources */,
				DB2A895B1F7952B200A13B8B /* GameViewController.swift in Sources */,
				3F63C4001FE2032200A5CDA6 /* Projectile.swift in Sources */,
				3F63C3D51FE2024500A5CDA6 /* CGFloat+Extensions.swift in Sources */,
				3F63C3E01FE2028000A5CDA6 /* InstructionsScene.swift in Sources */,
				3F63C3DE1FE2028000A5CDA6 /* GameScene.swift in Sources */,
				3F63C3D61FE2024500A5CDA6 /* CGPoint+Extensions.swift in Sources */,
				3F63C3DD1FE2028000A5CDA6 /* HomeScene.swift in Sources */,
				3F63C3F41FE202E600A5CDA6 /* Line.swift in Sources */,
				DB2A89531F7952B200A13B8B /* AppDelegate.swift in Sources */,
			);
			runOnlyForDeploymentPostprocessing = 0;
		};
/* End PBXSourcesBuildPhase section */

/* Begin PBXVariantGroup section */
		DB2A895C1F7952B200A13B8B /* Main.storyboard */ = {
			isa = PBXVariantGroup;
			children = (
				DB2A895D1F7952B200A13B8B /* Base */,
			);
			name = Main.storyboard;
			path = ColdWar;
			sourceTree = "<group>";
		};
		DB2A89611F7952B200A13B8B /* LaunchScreen.storyboard */ = {
			isa = PBXVariantGroup;
			children = (
				DB2A89621F7952B200A13B8B /* Base */,
			);
			name = LaunchScreen.storyboard;
			path = ColdWar;
			sourceTree = "<group>";
		};
/* End PBXVariantGroup section */

/* Begin XCBuildConfiguration section */
		DB2A89651F7952B200A13B8B /* Debug */ = {
			isa = XCBuildConfiguration;
			buildSettings = {
				ALWAYS_SEARCH_USER_PATHS = NO;
				CLANG_ANALYZER_NONNULL = YES;
				CLANG_ANALYZER_NUMBER_OBJECT_CONVERSION = YES_AGGRESSIVE;
				CLANG_CXX_LANGUAGE_STANDARD = "gnu++0x";
				CLANG_CXX_LIBRARY = "libc++";
				CLANG_ENABLE_MODULES = YES;
				CLANG_ENABLE_OBJC_ARC = YES;
				CLANG_WARN_BOOL_CONVERSION = YES;
				CLANG_WARN_CONSTANT_CONVERSION = YES;
				CLANG_WARN_DIRECT_OBJC_ISA_USAGE = YES_ERROR;
				CLANG_WARN_DOCUMENTATION_COMMENTS = YES;
				CLANG_WARN_EMPTY_BODY = YES;
				CLANG_WARN_ENUM_CONVERSION = YES;
				CLANG_WARN_INFINITE_RECURSION = YES;
				CLANG_WARN_INT_CONVERSION = YES;
				CLANG_WARN_OBJC_ROOT_CLASS = YES_ERROR;
				CLANG_WARN_SUSPICIOUS_MOVE = YES;
				CLANG_WARN_UNREACHABLE_CODE = YES;
				CLANG_WARN__DUPLICATE_METHOD_MATCH = YES;
				"CODE_SIGN_IDENTITY[sdk=iphoneos*]" = "iPhone Developer";
				COPY_PHASE_STRIP = NO;
				DEBUG_INFORMATION_FORMAT = dwarf;
				ENABLE_STRICT_OBJC_MSGSEND = YES;
				ENABLE_TESTABILITY = YES;
				GCC_C_LANGUAGE_STANDARD = gnu99;
				GCC_DYNAMIC_NO_PIC = NO;
				GCC_NO_COMMON_BLOCKS = YES;
				GCC_OPTIMIZATION_LEVEL = 0;
				GCC_PREPROCESSOR_DEFINITIONS = (
					"DEBUG=1",
					"$(inherited)",
				);
				GCC_WARN_64_TO_32_BIT_CONVERSION = YES;
				GCC_WARN_ABOUT_RETURN_TYPE = YES_ERROR;
				GCC_WARN_UNDECLARED_SELECTOR = YES;
				GCC_WARN_UNINITIALIZED_AUTOS = YES_AGGRESSIVE;
				GCC_WARN_UNUSED_FUNCTION = YES;
				GCC_WARN_UNUSED_VARIABLE = YES;
				IPHONEOS_DEPLOYMENT_TARGET = 10.3;
				MTL_ENABLE_DEBUG_INFO = YES;
				ONLY_ACTIVE_ARCH = YES;
				SDKROOT = iphoneos;
				SWIFT_ACTIVE_COMPILATION_CONDITIONS = DEBUG;
				SWIFT_OPTIMIZATION_LEVEL = "-Onone";
			};
			name = Debug;
		};
		DB2A89661F7952B200A13B8B /* Release */ = {
			isa = XCBuildConfiguration;
			buildSettings = {
				ALWAYS_SEARCH_USER_PATHS = NO;
				CLANG_ANALYZER_NONNULL = YES;
				CLANG_ANALYZER_NUMBER_OBJECT_CONVERSION = YES_AGGRESSIVE;
				CLANG_CXX_LANGUAGE_STANDARD = "gnu++0x";
				CLANG_CXX_LIBRARY = "libc++";
				CLANG_ENABLE_MODULES = YES;
				CLANG_ENABLE_OBJC_ARC = YES;
				CLANG_WARN_BOOL_CONVERSION = YES;
				CLANG_WARN_CONSTANT_CONVERSION = YES;
				CLANG_WARN_DIRECT_OBJC_ISA_USAGE = YES_ERROR;
				CLANG_WARN_DOCUMENTATION_COMMENTS = YES;
				CLANG_WARN_EMPTY_BODY = YES;
				CLANG_WARN_ENUM_CONVERSION = YES;
				CLANG_WARN_INFINITE_RECURSION = YES;
				CLANG_WARN_INT_CONVERSION = YES;
				CLANG_WARN_OBJC_ROOT_CLASS = YES_ERROR;
				CLANG_WARN_SUSPICIOUS_MOVE = YES;
				CLANG_WARN_UNREACHABLE_CODE = YES;
				CLANG_WARN__DUPLICATE_METHOD_MATCH = YES;
				"CODE_SIGN_IDENTITY[sdk=iphoneos*]" = "iPhone Developer";
				COPY_PHASE_STRIP = NO;
				DEBUG_INFORMATION_FORMAT = "dwarf-with-dsym";
				ENABLE_NS_ASSERTIONS = NO;
				ENABLE_STRICT_OBJC_MSGSEND = YES;
				GCC_C_LANGUAGE_STANDARD = gnu99;
				GCC_NO_COMMON_BLOCKS = YES;
				GCC_WARN_64_TO_32_BIT_CONVERSION = YES;
				GCC_WARN_ABOUT_RETURN_TYPE = YES_ERROR;
				GCC_WARN_UNDECLARED_SELECTOR = YES;
				GCC_WARN_UNINITIALIZED_AUTOS = YES_AGGRESSIVE;
				GCC_WARN_UNUSED_FUNCTION = YES;
				GCC_WARN_UNUSED_VARIABLE = YES;
				IPHONEOS_DEPLOYMENT_TARGET = 10.3;
				MTL_ENABLE_DEBUG_INFO = NO;
				SDKROOT = iphoneos;
				SWIFT_OPTIMIZATION_LEVEL = "-Owholemodule";
				VALIDATE_PRODUCT = YES;
			};
			name = Release;
		};
		DB2A89681F7952B200A13B8B /* Debug */ = {
			isa = XCBuildConfiguration;
			buildSettings = {
				DEVELOPMENT_TEAM = 9KRWQ3BBM5;
				INFOPLIST_FILE = ColdWar/Info.plist;
				IPHONEOS_DEPLOYMENT_TARGET = 10.3;
				LD_RUNPATH_SEARCH_PATHS = "$(inherited) @executable_path/Frameworks";
				PRODUCT_BUNDLE_IDENTIFIER = com.tanatb.ColdWar;
				PRODUCT_NAME = "$(TARGET_NAME)";
				SWIFT_VERSION = 3.0;
				TARGETED_DEVICE_FAMILY = 2;
			};
			name = Debug;
		};
		DB2A89691F7952B200A13B8B /* Release */ = {
			isa = XCBuildConfiguration;
			buildSettings = {
				DEVELOPMENT_TEAM = 9KRWQ3BBM5;
				INFOPLIST_FILE = ColdWar/Info.plist;
				IPHONEOS_DEPLOYMENT_TARGET = 10.3;
				LD_RUNPATH_SEARCH_PATHS = "$(inherited) @executable_path/Frameworks";
				PRODUCT_BUNDLE_IDENTIFIER = com.tanatb.ColdWar;
				PRODUCT_NAME = "$(TARGET_NAME)";
				SWIFT_VERSION = 3.0;
				TARGETED_DEVICE_FAMILY = 2;
			};
			name = Release;
		};
/* End XCBuildConfiguration section */

/* Begin XCConfigurationList section */
		DB2A894A1F7952B100A13B8B /* Build configuration list for PBXProject "ColdWar" */ = {
			isa = XCConfigurationList;
			buildConfigurations = (
				DB2A89651F7952B200A13B8B /* Debug */,
				DB2A89661F7952B200A13B8B /* Release */,
			);
			defaultConfigurationIsVisible = 0;
			defaultConfigurationName = Release;
		};
		DB2A89671F7952B200A13B8B /* Build configuration list for PBXNativeTarget "ColdWar" */ = {
			isa = XCConfigurationList;
			buildConfigurations = (
				DB2A89681F7952B200A13B8B /* Debug */,
				DB2A89691F7952B200A13B8B /* Release */,
			);
			defaultConfigurationIsVisible = 0;
			defaultConfigurationName = Release;
		};
/* End XCConfigurationList section */
	};
	rootObject = DB2A89471F7952B100A13B8B /* Project object */;
}
